// !$*UTF8*$!
{
	archiveVersion = 1;
	classes = {
	};
	objectVersion = 77;
	objects = {

/* Begin PBXBuildFile section */
		915537A02EDAEB700024996F /* MarkdownUI in Frameworks */ = {isa = PBXBuildFile; productRef = 9155379F2EDAEB700024996F /* MarkdownUI */; };
/* End PBXBuildFile section */

/* Begin PBXContainerItemProxy section */
		915536AA2EDAE8C50024996F /* PBXContainerItemProxy */ = {
			isa = PBXContainerItemProxy;
			containerPortal = 915536922EDAE8C20024996F /* Project object */;
			proxyType = 1;
			remoteGlobalIDString = 915536992EDAE8C30024996F;
			remoteInfo = Quiper;
		};
		915536B42EDAE8C50024996F /* PBXContainerItemProxy */ = {
			isa = PBXContainerItemProxy;
			containerPortal = 915536922EDAE8C20024996F /* Project object */;
			proxyType = 1;
			remoteGlobalIDString = 915536992EDAE8C30024996F;
			remoteInfo = Quiper;
		};
		9155381F2EDAE8C30024996F /* PBXContainerItemProxy */ = {
			isa = PBXContainerItemProxy;
			containerPortal = 915536922EDAE8C20024996F /* Project object */;
			proxyType = 1;
			remoteGlobalIDString = 915538132EDAE8C30024996F;
			remoteInfo = QuiperiOS;
		};
		915538262EDAE8C30024996F /* PBXContainerItemProxy */ = {
			isa = PBXContainerItemProxy;
			containerPortal = 915536922EDAE8C20024996F /* Project object */;
			proxyType = 1;
			remoteGlobalIDString = 915538132EDAE8C30024996F;
			remoteInfo = QuiperiOS;
		};
/* End PBXContainerItemProxy section */

/* Begin PBXFileReference section */
		9155369A2EDAE8C30024996F /* Quiper.app */ = {isa = PBXFileReference; explicitFileType = wrapper.application; includeInIndex = 0; path = Quiper.app; sourceTree = BUILT_PRODUCTS_DIR; };
		915536A92EDAE8C50024996F /* QuiperTests.xctest */ = {isa = PBXFileReference; explicitFileType = wrapper.cfbundle; includeInIndex = 0; path = QuiperTests.xctest; sourceTree = BUILT_PRODUCTS_DIR; };
		915536B32EDAE8C50024996F /* QuiperUITests.xctest */ = {isa = PBXFileReference; explicitFileType = wrapper.cfbundle; includeInIndex = 0; path = QuiperUITests.xctest; sourceTree = BUILT_PRODUCTS_DIR; };
		915538122EDAE8C30024996F /* QuiperiOS.app */ = {isa = PBXFileReference; explicitFileType = wrapper.application; includeInIndex = 0; path = QuiperiOS.app; sourceTree = BUILT_PRODUCTS_DIR; };
		9155381A2EDAE8C30024996F /* QuiperiOSTests.xctest */ = {isa = PBXFileReference; explicitFileType = wrapper.cfbundle; includeInIndex = 0; path = QuiperiOSTests.xctest; sourceTree = BUILT_PRODUCTS_DIR; };
		915538272EDAE8C30024996F /* QuiperiOSUITests.xctest */ = {isa = PBXFileReference; explicitFileType = wrapper.cfbundle; includeInIndex = 0; path = QuiperiOSUITests.xctest; sourceTree = BUILT_PRODUCTS_DIR; };
/* End PBXFileReference section */

/* Begin PBXFileSystemSynchronizedRootGroup section */
		9155369C2EDAE8C30024996F /* Quiper */ = {
			isa = PBXFileSystemSynchronizedRootGroup;
			path = Quiper;
			sourceTree = "<group>";
		};
		915536AC2EDAE8C50024996F /* QuiperTests */ = {
			isa = PBXFileSystemSynchronizedRootGroup;
			path = QuiperTests;
			sourceTree = "<group>";
		};
		915536B62EDAE8C50024996F /* QuiperUITests */ = {
			isa = PBXFileSystemSynchronizedRootGroup;
			path = QuiperUITests;
			sourceTree = "<group>";
		};
		915538102EDAE8C30024996F /* QuiperShared */ = {
			isa = PBXFileSystemSynchronizedRootGroup;
			path = QuiperShared;
			sourceTree = "<group>";
		};
		915538112EDAE8C30024996F /* QuiperiOS */ = {
			isa = PBXFileSystemSynchronizedRootGroup;
			path = QuiperiOS;
			sourceTree = "<group>";
		};
		9155381B2EDAE8C30024996F /* QuiperiOSTests */ = {
			isa = PBXFileSystemSynchronizedRootGroup;
			path = QuiperiOSTests;
			sourceTree = "<group>";
		};
		915538282EDAE8C30024996F /* QuiperiOSUITests */ = {
			isa = PBXFileSystemSynchronizedRootGroup;
			path = QuiperiOSUITests;
			sourceTree = "<group>";
		};
/* End PBXFileSystemSynchronizedRootGroup section */

/* Begin PBXFrameworksBuildPhase section */
		915536972EDAE8C30024996F /* Frameworks */ = {
			isa = PBXFrameworksBuildPhase;
			buildActionMask = 2147483647;
			files = (
				915537A02EDAEB700024996F /* MarkdownUI in Frameworks */,
			);
			runOnlyForDeploymentPostprocessing = 0;
		};
		915536A62EDAE8C50024996F /* Frameworks */ = {
			isa = PBXFrameworksBuildPhase;
			buildActionMask = 2147483647;
			files = (
			);
			runOnlyForDeploymentPostprocessing = 0;
		};
		915536B02EDAE8C50024996F /* Frameworks */ = {
			isa = PBXFrameworksBuildPhase;
			buildActionMask = 2147483647;
			files = (
			);
			runOnlyForDeploymentPostprocessing = 0;
		};
		915538152EDAE8C30024996F /* Frameworks */ = {
			isa = PBXFrameworksBuildPhase;
			buildActionMask = 2147483647;
			files = (
			);
			runOnlyForDeploymentPostprocessing = 0;
		};
		915538212EDAE8C30024996F /* Frameworks */ = {
			isa = PBXFrameworksBuildPhase;
			buildActionMask = 2147483647;
			files = (
			);
			runOnlyForDeploymentPostprocessing = 0;
		};
		915538292EDAE8C30024996F /* Frameworks */ = {
			isa = PBXFrameworksBuildPhase;
			buildActionMask = 2147483647;
			files = (
			);
			runOnlyForDeploymentPostprocessing = 0;
		};
/* End PBXFrameworksBuildPhase section */

/* Begin PBXGroup section */
		915536912EDAE8C20024996F = {
			isa = PBXGroup;
			children = (
				9155369C2EDAE8C30024996F /* Quiper */,
				915536AC2EDAE8C50024996F /* QuiperTests */,
				915536B62EDAE8C50024996F /* QuiperUITests */,
				9155381B2EDAE8C30024996F /* QuiperiOSTests */,
				915538282EDAE8C30024996F /* QuiperiOSUITests */,
				9155379E2EDAEB700024996F /* Frameworks */,
				9155369B2EDAE8C30024996F /* Products */,
				915538102EDAE8C30024996F /* QuiperShared */,
				915538112EDAE8C30024996F /* QuiperiOS */,
			);
			sourceTree = "<group>";
		};
		9155369B2EDAE8C30024996F /* Products */ = {
			isa = PBXGroup;
			children = (
				9155369A2EDAE8C30024996F /* Quiper.app */,
				915536A92EDAE8C50024996F /* QuiperTests.xctest */,
				915536B32EDAE8C50024996F /* QuiperUITests.xctest */,
				915538122EDAE8C30024996F /* QuiperiOS.app */,
				9155381A2EDAE8C30024996F /* QuiperiOSTests.xctest */,
				915538272EDAE8C30024996F /* QuiperiOSUITests.xctest */,
			);
			name = Products;
			sourceTree = "<group>";
		};
		9155379E2EDAEB700024996F /* Frameworks */ = {
			isa = PBXGroup;
			children = (
			);
			name = Frameworks;
			sourceTree = "<group>";
		};
/* End PBXGroup section */

/* Begin PBXNativeTarget section */
		915536992EDAE8C30024996F /* Quiper */ = {
			isa = PBXNativeTarget;
			buildConfigurationList = 915536BD2EDAE8C50024996F /* Build configuration list for PBXNativeTarget "Quiper" */;
			buildPhases = (
				915536962EDAE8C30024996F /* Sources */,
				915536972EDAE8C30024996F /* Frameworks */,
				915536982EDAE8C30024996F /* Resources */,
			);
			buildRules = (
			);
			dependencies = (
			);
			fileSystemSynchronizedGroups = (
				9155369C2EDAE8C30024996F /* Quiper */,
				915538102EDAE8C30024996F /* QuiperShared */,
			);
			name = Quiper;
			packageProductDependencies = (
				9155379F2EDAEB700024996F /* MarkdownUI */,
			);
			productName = Quiper;
			productReference = 9155369A2EDAE8C30024996F /* Quiper.app */;
			productType = "com.apple.product-type.application";
		};
		915536A82EDAE8C50024996F /* QuiperTests */ = {
			isa = PBXNativeTarget;
			buildConfigurationList = 915536C02EDAE8C50024996F /* Build configuration list for PBXNativeTarget "QuiperTests" */;
			buildPhases = (
				915536A52EDAE8C50024996F /* Sources */,
				915536A62EDAE8C50024996F /* Frameworks */,
				915536A72EDAE8C50024996F /* Resources */,
			);
			buildRules = (
			);
			dependencies = (
				915536AB2EDAE8C50024996F /* PBXTargetDependency */,
			);
			fileSystemSynchronizedGroups = (
				915536AC2EDAE8C50024996F /* QuiperTests */,
			);
			name = QuiperTests;
			packageProductDependencies = (
			);
			productName = QuiperTests;
			productReference = 915536A92EDAE8C50024996F /* QuiperTests.xctest */;
			productType = "com.apple.product-type.bundle.unit-test";
		};
		915536B22EDAE8C50024996F /* QuiperUITests */ = {
			isa = PBXNativeTarget;
			buildConfigurationList = 915536C32EDAE8C50024996F /* Build configuration list for PBXNativeTarget "QuiperUITests" */;
			buildPhases = (
				915536AF2EDAE8C50024996F /* Sources */,
				915536B02EDAE8C50024996F /* Frameworks */,
				915536B12EDAE8C50024996F /* Resources */,
			);
			buildRules = (
			);
			dependencies = (
				915536B52EDAE8C50024996F /* PBXTargetDependency */,
			);
			fileSystemSynchronizedGroups = (
				915536B62EDAE8C50024996F /* QuiperUITests */,
			);
			name = QuiperUITests;
			packageProductDependencies = (
			);
			productName = QuiperUITests;
			productReference = 915536B32EDAE8C50024996F /* QuiperUITests.xctest */;
			productType = "com.apple.product-type.bundle.ui-testing";
		};
		915538132EDAE8C30024996F /* QuiperiOS */ = {
			isa = PBXNativeTarget;
			buildConfigurationList = 915538192EDAE8C30024996F /* Build configuration list for PBXNativeTarget "QuiperiOS" */;
			buildPhases = (
				915538142EDAE8C30024996F /* Sources */,
				915538152EDAE8C30024996F /* Frameworks */,
				915538162EDAE8C30024996F /* Resources */,
			);
			buildRules = (
			);
			dependencies = (
			);
			fileSystemSynchronizedGroups = (
				915538102EDAE8C30024996F /* QuiperShared */,
				915538112EDAE8C30024996F /* QuiperiOS */,
			);
			name = QuiperiOS;
			packageProductDependencies = (
			);
			productName = QuiperiOS;
			productReference = 915538122EDAE8C30024996F /* QuiperiOS.app */;
			productType = "com.apple.product-type.application";
		};
		9155381D2EDAE8C30024996F /* QuiperiOSTests */ = {
			isa = PBXNativeTarget;
			buildConfigurationList = 915538252EDAE8C30024996F /* Build configuration list for PBXNativeTarget "QuiperiOSTests" */;
			buildPhases = (
				9155381C2EDAE8C30024996F /* Sources */,
				915538212EDAE8C30024996F /* Frameworks */,
				9155381E2EDAE8C30024996F /* Resources */,
			);
			buildRules = (
			);
			dependencies = (
				915538202EDAE8C30024996F /* PBXTargetDependency */,
			);
			fileSystemSynchronizedGroups = (
				9155381B2EDAE8C30024996F /* QuiperiOSTests */,
			);
			name = QuiperiOSTests;
			packageProductDependencies = (
			);
			productName = QuiperiOSTests;
			productReference = 9155381A2EDAE8C30024996F /* QuiperiOSTests.xctest */;
			productType = "com.apple.product-type.bundle.unit-test";
		};
		9155382D2EDAE8C30024996F /* QuiperiOSUITests */ = {
			isa = PBXNativeTarget;
			buildConfigurationList = 915538302EDAE8C30024996F /* Build configuration list for PBXNativeTarget "QuiperiOSUITests" */;
			buildPhases = (
				9155382B2EDAE8C30024996F /* Sources */,
				915538292EDAE8C30024996F /* Frameworks */,
				9155382A2EDAE8C30024996F /* Resources */,
			);
			buildRules = (
			);
			dependencies = (
				9155382C2EDAE8C30024996F /* PBXTargetDependency */,
			);
			fileSystemSynchronizedGroups = (
				915538282EDAE8C30024996F /* QuiperiOSUITests */,
			);
			name = QuiperiOSUITests;
			packageProductDependencies = (
			);
			productName = QuiperiOSUITests;
			productReference = 915538272EDAE8C30024996F /* QuiperiOSUITests.xctest */;
			productType = "com.apple.product-type.bundle.ui-testing";
		};
/* End PBXNativeTarget section */

/* Begin PBXProject section */
		915536922EDAE8C20024996F /* Project object */ = {
			isa = PBXProject;
			attributes = {
				BuildIndependentTargetsInParallel = 1;
				LastSwiftUpdateCheck = 2610;
				LastUpgradeCheck = 2630;
				TargetAttributes = {
					915536992EDAE8C30024996F = {
						CreatedOnToolsVersion = 26.1.1;
					};
					915536A82EDAE8C50024996F = {
						CreatedOnToolsVersion = 26.1.1;
						TestTargetID = 915536992EDAE8C30024996F;
					};
					915536B22EDAE8C50024996F = {
						CreatedOnToolsVersion = 26.1.1;
						TestTargetID = 915536992EDAE8C30024996F;
					};
					915538132EDAE8C30024996F = {
						CreatedOnToolsVersion = 26.1.1;
					};
					9155381D2EDAE8C30024996F = {
						CreatedOnToolsVersion = 26.1.1;
						TestTargetID = 915538132EDAE8C30024996F;
					};
					9155382D2EDAE8C30024996F = {
						CreatedOnToolsVersion = 26.1.1;
						TestTargetID = 915538132EDAE8C30024996F;
					};
				};
			};
			buildConfigurationList = 915536952EDAE8C20024996F /* Build configuration list for PBXProject "Quiper" */;
			developmentRegion = en;
			hasScannedForEncodings = 0;
			knownRegions = (
				en,
				Base,
			);
			mainGroup = 915536912EDAE8C20024996F;
			minimizedProjectReferenceProxies = 1;
			packageReferences = (
				9155379D2EDAEAE20024996F /* XCRemoteSwiftPackageReference "swift-markdown-ui" */,
			);
			preferredProjectObjectVersion = 77;
			productRefGroup = 9155369B2EDAE8C30024996F /* Products */;
			projectDirPath = "";
			projectRoot = "";
			targets = (
				915536992EDAE8C30024996F /* Quiper */,
				915536A82EDAE8C50024996F /* QuiperTests */,
				915536B22EDAE8C50024996F /* QuiperUITests */,
				915538132EDAE8C30024996F /* QuiperiOS */,
				9155381D2EDAE8C30024996F /* QuiperiOSTests */,
				9155382D2EDAE8C30024996F /* QuiperiOSUITests */,
			);
		};
/* End PBXProject section */

/* Begin PBXResourcesBuildPhase section */
		915536982EDAE8C30024996F /* Resources */ = {
			isa = PBXResourcesBuildPhase;
			buildActionMask = 2147483647;
			files = (
			);
			runOnlyForDeploymentPostprocessing = 0;
		};
		915536A72EDAE8C50024996F /* Resources */ = {
			isa = PBXResourcesBuildPhase;
			buildActionMask = 2147483647;
			files = (
			);
			runOnlyForDeploymentPostprocessing = 0;
		};
		915536B12EDAE8C50024996F /* Resources */ = {
			isa = PBXResourcesBuildPhase;
			buildActionMask = 2147483647;
			files = (
			);
			runOnlyForDeploymentPostprocessing = 0;
		};
		915538162EDAE8C30024996F /* Resources */ = {
			isa = PBXResourcesBuildPhase;
			buildActionMask = 2147483647;
			files = (
			);
			runOnlyForDeploymentPostprocessing = 0;
		};
		9155381E2EDAE8C30024996F /* Resources */ = {
			isa = PBXResourcesBuildPhase;
			buildActionMask = 2147483647;
			files = (
			);
			runOnlyForDeploymentPostprocessing = 0;
		};
		9155382A2EDAE8C30024996F /* Resources */ = {
			isa = PBXResourcesBuildPhase;
			buildActionMask = 2147483647;
			files = (
			);
			runOnlyForDeploymentPostprocessing = 0;
		};
/* End PBXResourcesBuildPhase section */

/* Begin PBXSourcesBuildPhase section */
		915536962EDAE8C30024996F /* Sources */ = {
			isa = PBXSourcesBuildPhase;
			buildActionMask = 2147483647;
			files = (
			);
			runOnlyForDeploymentPostprocessing = 0;
		};
		915536A52EDAE8C50024996F /* Sources */ = {
			isa = PBXSourcesBuildPhase;
			buildActionMask = 2147483647;
			files = (
			);
			runOnlyForDeploymentPostprocessing = 0;
		};
		915536AF2EDAE8C50024996F /* Sources */ = {
			isa = PBXSourcesBuildPhase;
			buildActionMask = 2147483647;
			files = (
			);
			runOnlyForDeploymentPostprocessing = 0;
		};
		915538142EDAE8C30024996F /* Sources */ = {
			isa = PBXSourcesBuildPhase;
			buildActionMask = 2147483647;
			files = (
			);
			runOnlyForDeploymentPostprocessing = 0;
		};
		9155381C2EDAE8C30024996F /* Sources */ = {
			isa = PBXSourcesBuildPhase;
			buildActionMask = 2147483647;
			files = (
			);
			runOnlyForDeploymentPostprocessing = 0;
		};
		9155382B2EDAE8C30024996F /* Sources */ = {
			isa = PBXSourcesBuildPhase;
			buildActionMask = 2147483647;
			files = (
			);
			runOnlyForDeploymentPostprocessing = 0;
		};
/* End PBXSourcesBuildPhase section */

/* Begin PBXTargetDependency section */
		915536AB2EDAE8C50024996F /* PBXTargetDependency */ = {
			isa = PBXTargetDependency;
			target = 915536992EDAE8C30024996F /* Quiper */;
			targetProxy = 915536AA2EDAE8C50024996F /* PBXContainerItemProxy */;
		};
		915536B52EDAE8C50024996F /* PBXTargetDependency */ = {
			isa = PBXTargetDependency;
			target = 915536992EDAE8C30024996F /* Quiper */;
			targetProxy = 915536B42EDAE8C50024996F /* PBXContainerItemProxy */;
		};
		915538202EDAE8C30024996F /* PBXTargetDependency */ = {
			isa = PBXTargetDependency;
			target = 915538132EDAE8C30024996F /* QuiperiOS */;
			targetProxy = 9155381F2EDAE8C30024996F /* PBXContainerItemProxy */;
		};
		9155382C2EDAE8C30024996F /* PBXTargetDependency */ = {
			isa = PBXTargetDependency;
			target = 915538132EDAE8C30024996F /* QuiperiOS */;
			targetProxy = 915538262EDAE8C30024996F /* PBXContainerItemProxy */;
		};
/* End PBXTargetDependency section */

/* Begin XCBuildConfiguration section */
		915536BB2EDAE8C50024996F /* Debug */ = {
			isa = XCBuildConfiguration;
			buildSettings = {
				ALWAYS_SEARCH_USER_PATHS = NO;
				ASSETCATALOG_COMPILER_GENERATE_SWIFT_ASSET_SYMBOL_EXTENSIONS = YES;
				CLANG_ANALYZER_NONNULL = YES;
				CLANG_ANALYZER_NUMBER_OBJECT_CONVERSION = YES_AGGRESSIVE;
				CLANG_CXX_LANGUAGE_STANDARD = "gnu++20";
				CLANG_ENABLE_MODULES = YES;
				CLANG_ENABLE_OBJC_ARC = YES;
				CLANG_ENABLE_OBJC_WEAK = YES;
				CLANG_WARN_BLOCK_CAPTURE_AUTORELEASING = YES;
				CLANG_WARN_BOOL_CONVERSION = YES;
				CLANG_WARN_COMMA = YES;
				CLANG_WARN_CONSTANT_CONVERSION = YES;
				CLANG_WARN_DEPRECATED_OBJC_IMPLEMENTATIONS = YES;
				CLANG_WARN_DIRECT_OBJC_ISA_USAGE = YES_ERROR;
				CLANG_WARN_DOCUMENTATION_COMMENTS = YES;
				CLANG_WARN_EMPTY_BODY = YES;
				CLANG_WARN_ENUM_CONVERSION = YES;
				CLANG_WARN_INFINITE_RECURSION = YES;
				CLANG_WARN_INT_CONVERSION = YES;
				CLANG_WARN_NON_LITERAL_NULL_CONVERSION = YES;
				CLANG_WARN_OBJC_IMPLICIT_RETAIN_SELF = YES;
				CLANG_WARN_OBJC_LITERAL_CONVERSION = YES;
				CLANG_WARN_OBJC_ROOT_CLASS = YES_ERROR;
				CLANG_WARN_QUOTED_INCLUDE_IN_FRAMEWORK_HEADER = YES;
				CLANG_WARN_RANGE_LOOP_ANALYSIS = YES;
				CLANG_WARN_STRICT_PROTOTYPES = YES;
				CLANG_WARN_SUSPICIOUS_MOVE = YES;
				CLANG_WARN_UNGUARDED_AVAILABILITY = YES_AGGRESSIVE;
				CLANG_WARN_UNREACHABLE_CODE = YES;
				CLANG_WARN__DUPLICATE_METHOD_MATCH = YES;
				COPY_PHASE_STRIP = NO;
				DEAD_CODE_STRIPPING = YES;
				DEBUG_INFORMATION_FORMAT = dwarf;
				DEVELOPMENT_TEAM = "";
				ENABLE_STRICT_OBJC_MSGSEND = YES;
				ENABLE_TESTABILITY = YES;
				ENABLE_USER_SCRIPT_SANDBOXING = YES;
				GCC_C_LANGUAGE_STANDARD = gnu17;
				GCC_DYNAMIC_NO_PIC = NO;
				GCC_NO_COMMON_BLOCKS = YES;
				GCC_OPTIMIZATION_LEVEL = 0;
				GCC_PREPROCESSOR_DEFINITIONS = (
					"DEBUG=1",
					"$(inherited)",
				);
				GCC_WARN_64_TO_32_BIT_CONVERSION = YES;
				GCC_WARN_ABOUT_RETURN_TYPE = YES_ERROR;
				GCC_WARN_UNDECLARED_SELECTOR = YES;
				GCC_WARN_UNINITIALIZED_AUTOS = YES_AGGRESSIVE;
				GCC_WARN_UNUSED_FUNCTION = YES;
				GCC_WARN_UNUSED_VARIABLE = YES;
				LOCALIZATION_PREFERS_STRING_CATALOGS = YES;
				MACOSX_DEPLOYMENT_TARGET = 26.1;
				MTL_ENABLE_DEBUG_INFO = INCLUDE_SOURCE;
				MTL_FAST_MATH = YES;
				ONLY_ACTIVE_ARCH = YES;
				SDKROOT = macosx;
				STRING_CATALOG_GENERATE_SYMBOLS = YES;
				SWIFT_ACTIVE_COMPILATION_CONDITIONS = "DEBUG $(inherited)";
				SWIFT_OPTIMIZATION_LEVEL = "-Onone";
			};
			name = Debug;
		};
		915536BC2EDAE8C50024996F /* Release */ = {
			isa = XCBuildConfiguration;
			buildSettings = {
				ALWAYS_SEARCH_USER_PATHS = NO;
				ASSETCATALOG_COMPILER_GENERATE_SWIFT_ASSET_SYMBOL_EXTENSIONS = YES;
				CLANG_ANALYZER_NONNULL = YES;
				CLANG_ANALYZER_NUMBER_OBJECT_CONVERSION = YES_AGGRESSIVE;
				CLANG_CXX_LANGUAGE_STANDARD = "gnu++20";
				CLANG_ENABLE_MODULES = YES;
				CLANG_ENABLE_OBJC_ARC = YES;
				CLANG_ENABLE_OBJC_WEAK = YES;
				CLANG_WARN_BLOCK_CAPTURE_AUTORELEASING = YES;
				CLANG_WARN_BOOL_CONVERSION = YES;
				CLANG_WARN_COMMA = YES;
				CLANG_WARN_CONSTANT_CONVERSION = YES;
				CLANG_WARN_DEPRECATED_OBJC_IMPLEMENTATIONS = YES;
				CLANG_WARN_DIRECT_OBJC_ISA_USAGE = YES_ERROR;
				CLANG_WARN_DOCUMENTATION_COMMENTS = YES;
				CLANG_WARN_EMPTY_BODY = YES;
				CLANG_WARN_ENUM_CONVERSION = YES;
				CLANG_WARN_INFINITE_RECURSION = YES;
				CLANG_WARN_INT_CONVERSION = YES;
				CLANG_WARN_NON_LITERAL_NULL_CONVERSION = YES;
				CLANG_WARN_OBJC_IMPLICIT_RETAIN_SELF = YES;
				CLANG_WARN_OBJC_LITERAL_CONVERSION = YES;
				CLANG_WARN_OBJC_ROOT_CLASS = YES_ERROR;
				CLANG_WARN_QUOTED_INCLUDE_IN_FRAMEWORK_HEADER = YES;
				CLANG_WARN_RANGE_LOOP_ANALYSIS = YES;
				CLANG_WARN_STRICT_PROTOTYPES = YES;
				CLANG_WARN_SUSPICIOUS_MOVE = YES;
				CLANG_WARN_UNGUARDED_AVAILABILITY = YES_AGGRESSIVE;
				CLANG_WARN_UNREACHABLE_CODE = YES;
				CLANG_WARN__DUPLICATE_METHOD_MATCH = YES;
				COPY_PHASE_STRIP = NO;
				DEAD_CODE_STRIPPING = YES;
				DEBUG_INFORMATION_FORMAT = "dwarf-with-dsym";
				DEVELOPMENT_TEAM = "";
				ENABLE_NS_ASSERTIONS = NO;
				ENABLE_STRICT_OBJC_MSGSEND = YES;
				ENABLE_USER_SCRIPT_SANDBOXING = YES;
				GCC_C_LANGUAGE_STANDARD = gnu17;
				GCC_NO_COMMON_BLOCKS = YES;
				GCC_WARN_64_TO_32_BIT_CONVERSION = YES;
				GCC_WARN_ABOUT_RETURN_TYPE = YES_ERROR;
				GCC_WARN_UNDECLARED_SELECTOR = YES;
				GCC_WARN_UNINITIALIZED_AUTOS = YES_AGGRESSIVE;
				GCC_WARN_UNUSED_FUNCTION = YES;
				GCC_WARN_UNUSED_VARIABLE = YES;
				LOCALIZATION_PREFERS_STRING_CATALOGS = YES;
				MACOSX_DEPLOYMENT_TARGET = 26.1;
				MTL_ENABLE_DEBUG_INFO = NO;
				MTL_FAST_MATH = YES;
				SDKROOT = macosx;
				STRING_CATALOG_GENERATE_SYMBOLS = YES;
				SWIFT_COMPILATION_MODE = wholemodule;
			};
			name = Release;
		};
		915536BE2EDAE8C50024996F /* Debug */ = {
			isa = XCBuildConfiguration;
			buildSettings = {
				ASSETCATALOG_COMPILER_GLOBAL_ACCENT_COLOR_NAME = AccentColor;
				AUTOMATION_APPLE_EVENTS = YES;
				CODE_SIGN_ENTITLEMENTS = Quiper/Quiper.entitlements;
				CODE_SIGN_IDENTITY = "Apple Development";
				"CODE_SIGN_IDENTITY[sdk=macosx*]" = "Apple Development";
				CODE_SIGN_STYLE = Automatic;
				COMBINE_HIDPI_IMAGES = YES;
				CURRENT_PROJECT_VERSION = 2;
				DEAD_CODE_STRIPPING = YES;
				DEVELOPMENT_TEAM = 37VHNGD6EP;
				ENABLE_APPINTENTS_METADATA_GENERATION = NO;
				ENABLE_APP_SANDBOX = NO;
				ENABLE_FILE_ACCESS_DOWNLOADS_FOLDER = readwrite;
				ENABLE_HARDENED_RUNTIME = YES;
				ENABLE_INCOMING_NETWORK_CONNECTIONS = YES;
				ENABLE_OUTGOING_NETWORK_CONNECTIONS = YES;
				ENABLE_PREVIEWS = YES;
				ENABLE_RESOURCE_ACCESS_AUDIO_INPUT = YES;
				ENABLE_RESOURCE_ACCESS_CAMERA = YES;
				ENABLE_USER_SELECTED_FILES = readwrite;
				GENERATE_INFOPLIST_FILE = YES;
				INFOPLIST_FILE = Supporting/Info.plist;
				INFOPLIST_KEY_CFBundleIconFile = QuiperIcon;
				INFOPLIST_KEY_LSApplicationCategoryType = "public.app-category.productivity";
				INFOPLIST_KEY_LSUIElement = YES;
				INFOPLIST_KEY_NSBonjourServices = "_quiper-sync._tcp";
				INFOPLIST_KEY_NSHumanReadableCopyright = "";
				INFOPLIST_KEY_NSLocalNetworkUsageDescription = "Quiper uses the local network to sync settings between your devices.";
				LD_RUNPATH_SEARCH_PATHS = (
					"$(inherited)",
					"@executable_path/../Frameworks",
				);
				MACOSX_DEPLOYMENT_TARGET = 14.6;
				MARKETING_VERSION = 6.0.1;
				OTHER_LDFLAGS = (
					"$(inherited)",
					"-framework",
					AppIntents,
				);
				PRODUCT_BUNDLE_IDENTIFIER = app.sassanh.quiper.QuiperDev;
				PRODUCT_NAME = "$(TARGET_NAME)";
				PROVISIONING_PROFILE_SPECIFIER = "";
				REGISTER_APP_GROUPS = YES;
				STRING_CATALOG_GENERATE_SYMBOLS = YES;
				SWIFT_APPROACHABLE_CONCURRENCY = YES;
				SWIFT_DEFAULT_ACTOR_ISOLATION = MainActor;
				SWIFT_EMIT_LOC_STRINGS = YES;
				SWIFT_UPCOMING_FEATURE_MEMBER_IMPORT_VISIBILITY = YES;
				SWIFT_VERSION = 5.0;
			};
			name = Debug;
		};
		915536BF2EDAE8C50024996F /* Release */ = {
			isa = XCBuildConfiguration;
			buildSettings = {
				ASSETCATALOG_COMPILER_GLOBAL_ACCENT_COLOR_NAME = AccentColor;
				AUTOMATION_APPLE_EVENTS = YES;
				CODE_SIGN_ENTITLEMENTS = Quiper/Quiper.entitlements;
				CODE_SIGN_IDENTITY = "Apple Development";
				"CODE_SIGN_IDENTITY[sdk=macosx*]" = "Developer ID Application";
				CODE_SIGN_STYLE = Manual;
				COMBINE_HIDPI_IMAGES = YES;
				CURRENT_PROJECT_VERSION = 2;
				DEAD_CODE_STRIPPING = YES;
				DEVELOPMENT_TEAM = "";
				"DEVELOPMENT_TEAM[sdk=macosx*]" = WZQY49K84N;
				ENABLE_APPINTENTS_METADATA_GENERATION = NO;
				ENABLE_APP_SANDBOX = NO;
				ENABLE_FILE_ACCESS_DOWNLOADS_FOLDER = readwrite;
				ENABLE_HARDENED_RUNTIME = YES;
				ENABLE_INCOMING_NETWORK_CONNECTIONS = YES;
				ENABLE_OUTGOING_NETWORK_CONNECTIONS = YES;
				ENABLE_PREVIEWS = YES;
				ENABLE_RESOURCE_ACCESS_AUDIO_INPUT = YES;
				ENABLE_RESOURCE_ACCESS_CAMERA = YES;
				ENABLE_USER_SELECTED_FILES = readwrite;
				GENERATE_INFOPLIST_FILE = YES;
				INFOPLIST_FILE = Supporting/Info.plist;
				INFOPLIST_KEY_CFBundleIconFile = QuiperIcon;
				INFOPLIST_KEY_LSApplicationCategoryType = "public.app-category.productivity";
				INFOPLIST_KEY_LSUIElement = YES;
				INFOPLIST_KEY_NSBonjourServices = "_quiper-sync._tcp";
				INFOPLIST_KEY_NSHumanReadableCopyright = "";
				INFOPLIST_KEY_NSLocalNetworkUsageDescription = "Quiper uses the local network to sync settings between your devices.";
				LD_RUNPATH_SEARCH_PATHS = (
					"$(inherited)",
					"@executable_path/../Frameworks",
				);
				MACOSX_DEPLOYMENT_TARGET = 14.6;
				MARKETING_VERSION = 6.0.1;
				OTHER_LDFLAGS = (
					"$(inherited)",
					"-framework",
					AppIntents,
				);
				PRODUCT_BUNDLE_IDENTIFIER = app.sassanh.quiper.Quiper;
				PRODUCT_NAME = "$(TARGET_NAME)";
				PROVISIONING_PROFILE_SPECIFIER = "";
				"PROVISIONING_PROFILE_SPECIFIER[sdk=macosx*]" = "";
				REGISTER_APP_GROUPS = YES;
				STRING_CATALOG_GENERATE_SYMBOLS = YES;
				SWIFT_APPROACHABLE_CONCURRENCY = YES;
				SWIFT_DEFAULT_ACTOR_ISOLATION = MainActor;
				SWIFT_EMIT_LOC_STRINGS = YES;
				SWIFT_UPCOMING_FEATURE_MEMBER_IMPORT_VISIBILITY = YES;
				SWIFT_VERSION = 5.0;
			};
			name = Release;
		};
		915536C12EDAE8C50024996F /* Debug */ = {
			isa = XCBuildConfiguration;
			buildSettings = {
				BUNDLE_LOADER = "$(TEST_HOST)";
				CODE_SIGN_ENTITLEMENTS = Quiper/Quiper.entitlements;
				"CODE_SIGN_IDENTITY[sdk=macosx*]" = "-";
				CODE_SIGN_STYLE = Manual;
				CURRENT_PROJECT_VERSION = 2;
				DEAD_CODE_STRIPPING = YES;
				DEVELOPMENT_TEAM = "";
				ENABLE_APPINTENTS_METADATA_GENERATION = NO;
				ENABLE_APP_SANDBOX = NO;
				GENERATE_INFOPLIST_FILE = YES;
				MACOSX_DEPLOYMENT_TARGET = 26.0.1;
				MARKETING_VERSION = 6.0.1;
				PRODUCT_BUNDLE_IDENTIFIER = app.sassanh.quiper.QuiperTests;
				PRODUCT_NAME = "$(TARGET_NAME)";
				STRING_CATALOG_GENERATE_SYMBOLS = NO;
				SWIFT_APPROACHABLE_CONCURRENCY = YES;
				SWIFT_EMIT_CONST_VALUE_PROTOCOLS = "";
				SWIFT_EMIT_LOC_STRINGS = NO;
				SWIFT_UPCOMING_FEATURE_MEMBER_IMPORT_VISIBILITY = YES;
				SWIFT_VERSION = 5.0;
				TEST_HOST = "$(BUILT_PRODUCTS_DIR)/Quiper.app/$(BUNDLE_EXECUTABLE_FOLDER_PATH)/Quiper";
			};
			name = Debug;
		};
		915536C22EDAE8C50024996F /* Release */ = {
			isa = XCBuildConfiguration;
			buildSettings = {
				BUNDLE_LOADER = "$(TEST_HOST)";
				CODE_SIGN_ENTITLEMENTS = Quiper/Quiper.entitlements;
				"CODE_SIGN_IDENTITY[sdk=macosx*]" = "-";
				CODE_SIGN_STYLE = Manual;
				CURRENT_PROJECT_VERSION = 2;
				DEAD_CODE_STRIPPING = YES;
				DEVELOPMENT_TEAM = "";
				ENABLE_APPINTENTS_METADATA_GENERATION = NO;
				ENABLE_APP_SANDBOX = NO;
				GENERATE_INFOPLIST_FILE = YES;
				MACOSX_DEPLOYMENT_TARGET = 26.0.1;
				MARKETING_VERSION = 6.0.1;
				PRODUCT_BUNDLE_IDENTIFIER = app.sassanh.quiper.QuiperTests;
				PRODUCT_NAME = "$(TARGET_NAME)";
				STRING_CATALOG_GENERATE_SYMBOLS = NO;
				SWIFT_APPROACHABLE_CONCURRENCY = YES;
				SWIFT_EMIT_CONST_VALUE_PROTOCOLS = "";
				SWIFT_EMIT_LOC_STRINGS = NO;
				SWIFT_UPCOMING_FEATURE_MEMBER_IMPORT_VISIBILITY = YES;
				SWIFT_VERSION = 5.0;
				TEST_HOST = "$(BUILT_PRODUCTS_DIR)/Quiper.app/$(BUNDLE_EXECUTABLE_FOLDER_PATH)/Quiper";
			};
			name = Release;
		};
		915536C42EDAE8C50024996F /* Debug */ = {
			isa = XCBuildConfiguration;
			buildSettings = {
				CODE_SIGN_ENTITLEMENTS = Quiper/Quiper.entitlements;
				"CODE_SIGN_IDENTITY[sdk=macosx*]" = "-";
				CODE_SIGN_STYLE = Manual;
				CURRENT_PROJECT_VERSION = 2;
				DEAD_CODE_STRIPPING = YES;
				DEVELOPMENT_TEAM = "";
				ENABLE_APPINTENTS_METADATA_GENERATION = NO;
				ENABLE_APP_SANDBOX = NO;
				GENERATE_INFOPLIST_FILE = YES;
				MACOSX_DEPLOYMENT_TARGET = 26.0.1;
				MARKETING_VERSION = 6.0.1;
				PRODUCT_BUNDLE_IDENTIFIER = app.sassanh.quiper.QuiperUITests;
				PRODUCT_NAME = "$(TARGET_NAME)";
				STRING_CATALOG_GENERATE_SYMBOLS = NO;
				SWIFT_APPROACHABLE_CONCURRENCY = YES;
				SWIFT_EMIT_CONST_VALUE_PROTOCOLS = "";
				SWIFT_EMIT_LOC_STRINGS = NO;
				SWIFT_UPCOMING_FEATURE_MEMBER_IMPORT_VISIBILITY = YES;
				SWIFT_VERSION = 5.0;
				TEST_TARGET_NAME = Quiper;
			};
			name = Debug;
		};
		915536C52EDAE8C50024996F /* Release */ = {
			isa = XCBuildConfiguration;
			buildSettings = {
				CODE_SIGN_ENTITLEMENTS = Quiper/Quiper.entitlements;
				"CODE_SIGN_IDENTITY[sdk=macosx*]" = "-";
				CODE_SIGN_STYLE = Manual;
				CURRENT_PROJECT_VERSION = 2;
				DEAD_CODE_STRIPPING = YES;
				DEVELOPMENT_TEAM = "";
				ENABLE_APPINTENTS_METADATA_GENERATION = NO;
				ENABLE_APP_SANDBOX = NO;
				GENERATE_INFOPLIST_FILE = YES;
				MACOSX_DEPLOYMENT_TARGET = 26.0.1;
				MARKETING_VERSION = 6.0.1;
				PRODUCT_BUNDLE_IDENTIFIER = app.sassanh.quiper.QuiperUITests;
				PRODUCT_NAME = "$(TARGET_NAME)";
				STRING_CATALOG_GENERATE_SYMBOLS = NO;
				SWIFT_APPROACHABLE_CONCURRENCY = YES;
				SWIFT_EMIT_CONST_VALUE_PROTOCOLS = "";
				SWIFT_EMIT_LOC_STRINGS = NO;
				SWIFT_UPCOMING_FEATURE_MEMBER_IMPORT_VISIBILITY = YES;
				SWIFT_VERSION = 5.0;
				TEST_TARGET_NAME = Quiper;
			};
			name = Release;
		};
		915538172EDAE8C30024996F /* Debug */ = {
			isa = XCBuildConfiguration;
			buildSettings = {
				ASSETCATALOG_COMPILER_APPICON_NAME = AppIcon;
				ASSETCATALOG_COMPILER_GLOBAL_ACCENT_COLOR_NAME = AccentColor;
				CODE_SIGN_ENTITLEMENTS = QuiperiOS/QuiperiOS.entitlements;
				CODE_SIGN_STYLE = Automatic;
				CURRENT_PROJECT_VERSION = 2;
				DEVELOPMENT_TEAM = WZQY49K84N;
				ENABLE_APPINTENTS_METADATA_GENERATION = YES;
				ENABLE_PREVIEWS = YES;
				EXTRACT_APP_INTENTS_METADATA = YES;
				GENERATE_INFOPLIST_FILE = NO;
				INFOPLIST_FILE = QuiperiOSInfo.plist;
				INFOPLIST_KEY_CFBundleDisplayName = Quiper;
				INFOPLIST_KEY_LSApplicationCategoryType = "public.app-category.productivity";
				INFOPLIST_KEY_NSCameraUsageDescription = "Quiper needs camera access so websites you use can capture video.";
				INFOPLIST_KEY_NSHumanReadableCopyright = "";
				INFOPLIST_KEY_NSLocalNetworkUsageDescription = "Quiper connects to AI engines on your local network.";
				INFOPLIST_KEY_NSMicrophoneUsageDescription = "Quiper needs microphone access so websites you use can capture audio.";
				INFOPLIST_KEY_UIApplicationSceneManifest_Generation = YES;
				INFOPLIST_KEY_UIApplicationSupportsIndirectInputEvents = YES;
				INFOPLIST_KEY_UILaunchScreen_Generation = YES;
				IPHONEOS_DEPLOYMENT_TARGET = 26.0;
				LD_RUNPATH_SEARCH_PATHS = (
					"$(inherited)",
					"@executable_path/Frameworks",
				);
				MARKETING_VERSION = 6.0.1;
				PRODUCT_BUNDLE_IDENTIFIER = app.sassanh.quiper.QuiperiOSDev;
				PRODUCT_NAME = "$(TARGET_NAME)";
				SDKROOT = iphoneos;
				STRING_CATALOG_GENERATE_SYMBOLS = YES;
				SWIFT_APPROACHABLE_CONCURRENCY = YES;
				SWIFT_DEFAULT_ACTOR_ISOLATION = MainActor;
				SWIFT_EMIT_LOC_STRINGS = YES;
				SWIFT_UPCOMING_FEATURE_MEMBER_IMPORT_VISIBILITY = YES;
				SWIFT_VERSION = 5.0;
				TARGETED_DEVICE_FAMILY = "1,2";
			};
			name = Debug;
		};
		915538182EDAE8C30024996F /* Release */ = {
			isa = XCBuildConfiguration;
			buildSettings = {
				ASSETCATALOG_COMPILER_APPICON_NAME = AppIcon;
				ASSETCATALOG_COMPILER_GLOBAL_ACCENT_COLOR_NAME = AccentColor;
				CODE_SIGN_ENTITLEMENTS = QuiperiOS/QuiperiOS.entitlements;
				CODE_SIGN_STYLE = Automatic;
				CURRENT_PROJECT_VERSION = 2;
				DEVELOPMENT_TEAM = WZQY49K84N;
				ENABLE_APPINTENTS_METADATA_GENERATION = YES;
				ENABLE_PREVIEWS = YES;
				EXTRACT_APP_INTENTS_METADATA = YES;
				GENERATE_INFOPLIST_FILE = NO;
				INFOPLIST_FILE = QuiperiOSInfo.plist;
				INFOPLIST_KEY_CFBundleDisplayName = Quiper;
				INFOPLIST_KEY_LSApplicationCategoryType = "public.app-category.productivity";
				INFOPLIST_KEY_NSCameraUsageDescription = "Quiper needs camera access so websites you use can capture video.";
				INFOPLIST_KEY_NSHumanReadableCopyright = "";
				INFOPLIST_KEY_NSLocalNetworkUsageDescription = "Quiper connects to AI engines on your local network.";
				INFOPLIST_KEY_NSMicrophoneUsageDescription = "Quiper needs microphone access so websites you use can capture audio.";
				INFOPLIST_KEY_UIApplicationSceneManifest_Generation = YES;
				INFOPLIST_KEY_UIApplicationSupportsIndirectInputEvents = YES;
				INFOPLIST_KEY_UILaunchScreen_Generation = YES;
				IPHONEOS_DEPLOYMENT_TARGET = 26.0;
				LD_RUNPATH_SEARCH_PATHS = (
					"$(inherited)",
					"@executable_path/Frameworks",
				);
				MARKETING_VERSION = 6.0.1;
				PRODUCT_BUNDLE_IDENTIFIER = app.sassanh.quiper.QuiperiOS;
				PRODUCT_NAME = "$(TARGET_NAME)";
				SDKROOT = iphoneos;
				STRING_CATALOG_GENERATE_SYMBOLS = YES;
				SWIFT_APPROACHABLE_CONCURRENCY = YES;
				SWIFT_DEFAULT_ACTOR_ISOLATION = MainActor;
				SWIFT_EMIT_LOC_STRINGS = YES;
				SWIFT_UPCOMING_FEATURE_MEMBER_IMPORT_VISIBILITY = YES;
				SWIFT_VERSION = 5.0;
				TARGETED_DEVICE_FAMILY = "1,2";
			};
			name = Release;
		};
		915538232EDAE8C30024996F /* Debug */ = {
			isa = XCBuildConfiguration;
			buildSettings = {
				BUNDLE_LOADER = "$(TEST_HOST)";
				CODE_SIGN_STYLE = Automatic;
				CURRENT_PROJECT_VERSION = 2;
				DEVELOPMENT_TEAM = WZQY49K84N;
				GENERATE_INFOPLIST_FILE = YES;
				IPHONEOS_DEPLOYMENT_TARGET = 26.0;
				PRODUCT_BUNDLE_IDENTIFIER = app.sassanh.quiper.QuiperiOSTests;
				PRODUCT_NAME = "$(TARGET_NAME)";
				SDKROOT = iphoneos;
				SWIFT_APPROACHABLE_CONCURRENCY = YES;
				SWIFT_DEFAULT_ACTOR_ISOLATION = MainActor;
				SWIFT_EMIT_LOC_STRINGS = NO;
				SWIFT_UPCOMING_FEATURE_MEMBER_IMPORT_VISIBILITY = YES;
				SWIFT_VERSION = 5.0;
				TARGETED_DEVICE_FAMILY = "1,2";
				TEST_HOST = "$(BUILT_PRODUCTS_DIR)/QuiperiOS.app/QuiperiOS";
			};
			name = Debug;
		};
		915538242EDAE8C30024996F /* Release */ = {
			isa = XCBuildConfiguration;
			buildSettings = {
				BUNDLE_LOADER = "$(TEST_HOST)";
				CODE_SIGN_STYLE = Automatic;
				CURRENT_PROJECT_VERSION = 2;
				DEVELOPMENT_TEAM = WZQY49K84N;
				GENERATE_INFOPLIST_FILE = YES;
				IPHONEOS_DEPLOYMENT_TARGET = 26.0;
				PRODUCT_BUNDLE_IDENTIFIER = app.sassanh.quiper.QuiperiOSTests;
				PRODUCT_NAME = "$(TARGET_NAME)";
				SDKROOT = iphoneos;
				SWIFT_APPROACHABLE_CONCURRENCY = YES;
				SWIFT_DEFAULT_ACTOR_ISOLATION = MainActor;
				SWIFT_EMIT_LOC_STRINGS = NO;
				SWIFT_UPCOMING_FEATURE_MEMBER_IMPORT_VISIBILITY = YES;
				SWIFT_VERSION = 5.0;
				TARGETED_DEVICE_FAMILY = "1,2";
				TEST_HOST = "$(BUILT_PRODUCTS_DIR)/QuiperiOS.app/QuiperiOS";
			};
			name = Release;
		};
		9155382E2EDAE8C30024996F /* Debug */ = {
			isa = XCBuildConfiguration;
			buildSettings = {
				CODE_SIGN_STYLE = Automatic;
				CURRENT_PROJECT_VERSION = 2;
				DEVELOPMENT_TEAM = WZQY49K84N;
				GENERATE_INFOPLIST_FILE = YES;
				IPHONEOS_DEPLOYMENT_TARGET = 26.0;
				PRODUCT_BUNDLE_IDENTIFIER = app.sassanh.quiper.QuiperiOSUITests;
				PRODUCT_NAME = "$(TARGET_NAME)";
				SDKROOT = iphoneos;
				SWIFT_APPROACHABLE_CONCURRENCY = YES;
				SWIFT_DEFAULT_ACTOR_ISOLATION = MainActor;
				SWIFT_EMIT_LOC_STRINGS = NO;
				SWIFT_UPCOMING_FEATURE_MEMBER_IMPORT_VISIBILITY = YES;
				SWIFT_VERSION = 5.0;
				TARGETED_DEVICE_FAMILY = "1,2";
				TEST_TARGET_NAME = QuiperiOS;
			};
			name = Debug;
		};
		9155382F2EDAE8C30024996F /* Release */ = {
			isa = XCBuildConfiguration;
			buildSettings = {
				CODE_SIGN_STYLE = Automatic;
				CURRENT_PROJECT_VERSION = 2;
				DEVELOPMENT_TEAM = WZQY49K84N;
				GENERATE_INFOPLIST_FILE = YES;
				IPHONEOS_DEPLOYMENT_TARGET = 26.0;
				PRODUCT_BUNDLE_IDENTIFIER = app.sassanh.quiper.QuiperiOSUITests;
				PRODUCT_NAME = "$(TARGET_NAME)";
				SDKROOT = iphoneos;
				SWIFT_APPROACHABLE_CONCURRENCY = YES;
				SWIFT_DEFAULT_ACTOR_ISOLATION = MainActor;
				SWIFT_EMIT_LOC_STRINGS = NO;
				SWIFT_UPCOMING_FEATURE_MEMBER_IMPORT_VISIBILITY = YES;
				SWIFT_VERSION = 5.0;
				TARGETED_DEVICE_FAMILY = "1,2";
				TEST_TARGET_NAME = QuiperiOS;
			};
			name = Release;
		};
/* End XCBuildConfiguration section */

/* Begin XCConfigurationList section */
		915536952EDAE8C20024996F /* Build configuration list for PBXProject "Quiper" */ = {
			isa = XCConfigurationList;
			buildConfigurations = (
				915536BB2EDAE8C50024996F /* Debug */,
				915536BC2EDAE8C50024996F /* Release */,
			);
			defaultConfigurationIsVisible = 0;
			defaultConfigurationName = Release;
		};
		915536BD2EDAE8C50024996F /* Build configuration list for PBXNativeTarget "Quiper" */ = {
			isa = XCConfigurationList;
			buildConfigurations = (
				915536BE2EDAE8C50024996F /* Debug */,
				915536BF2EDAE8C50024996F /* Release */,
			);
			defaultConfigurationIsVisible = 0;
			defaultConfigurationName = Release;
		};
		915536C02EDAE8C50024996F /* Build configuration list for PBXNativeTarget "QuiperTests" */ = {
			isa = XCConfigurationList;
			buildConfigurations = (
				915536C12EDAE8C50024996F /* Debug */,
				915536C22EDAE8C50024996F /* Release */,
			);
			defaultConfigurationIsVisible = 0;
			defaultConfigurationName = Release;
		};
		915536C32EDAE8C50024996F /* Build configuration list for PBXNativeTarget "QuiperUITests" */ = {
			isa = XCConfigurationList;
			buildConfigurations = (
				915536C42EDAE8C50024996F /* Debug */,
				915536C52EDAE8C50024996F /* Release */,
			);
			defaultConfigurationIsVisible = 0;
			defaultConfigurationName = Release;
		};
		915538192EDAE8C30024996F /* Build configuration list for PBXNativeTarget "QuiperiOS" */ = {
			isa = XCConfigurationList;
			buildConfigurations = (
				915538172EDAE8C30024996F /* Debug */,
				915538182EDAE8C30024996F /* Release */,
			);
			defaultConfigurationIsVisible = 0;
			defaultConfigurationName = Release;
		};
		915538252EDAE8C30024996F /* Build configuration list for PBXNativeTarget "QuiperiOSTests" */ = {
			isa = XCConfigurationList;
			buildConfigurations = (
				915538232EDAE8C30024996F /* Debug */,
				915538242EDAE8C30024996F /* Release */,
			);
			defaultConfigurationIsVisible = 0;
			defaultConfigurationName = Release;
		};
		915538302EDAE8C30024996F /* Build configuration list for PBXNativeTarget "QuiperiOSUITests" */ = {
			isa = XCConfigurationList;
			buildConfigurations = (
				9155382E2EDAE8C30024996F /* Debug */,
				9155382F2EDAE8C30024996F /* Release */,
			);
			defaultConfigurationIsVisible = 0;
			defaultConfigurationName = Release;
		};
/* End XCConfigurationList section */

/* Begin XCRemoteSwiftPackageReference section */
		9155379D2EDAEAE20024996F /* XCRemoteSwiftPackageReference "swift-markdown-ui" */ = {
			isa = XCRemoteSwiftPackageReference;
			repositoryURL = "https://github.com/gonzalezreal/swift-markdown-ui";
			requirement = {
				kind = upToNextMajorVersion;
				minimumVersion = 2.4.1;
			};
		};
/* End XCRemoteSwiftPackageReference section */

/* Begin XCSwiftPackageProductDependency section */
		9155379F2EDAEB700024996F /* MarkdownUI */ = {
			isa = XCSwiftPackageProductDependency;
			package = 9155379D2EDAEAE20024996F /* XCRemoteSwiftPackageReference "swift-markdown-ui" */;
			productName = MarkdownUI;
		};
/* End XCSwiftPackageProductDependency section */
	};
	rootObject = 915536922EDAE8C20024996F /* Project object */;
}
