// !$*UTF8*$!
{
	archiveVersion = 1;
	classes = {
	};
	objectVersion = 77;
	objects = {

/* Begin PBXBuildFile section */
		915537A02EDAEB700024996F /* MarkdownUI in Frameworks */ = {isa = PBXBuildFile; productRef = 9155379F2EDAEB700024996F /* MarkdownUI */; };
/* End PBXBuildFile section */

/* Begin PBXContainerItemProxy section */
		915536AA2EDAE8C50024996F /* PBXContainerItemProxy */ = {
			isa = PBXContainerItemProxy;
			containerPortal = 915536922EDAE8C20024996F /* Project object */;
			proxyType = 1;
			remoteGlobalIDString = 915536992EDAE8C30024996F;
			remoteInfo = Quiper;
		};
		915536B42EDAE8C50024996F /* PBXContainerItemProxy */ = {
			isa = PBXContainerItemProxy;
			containerPortal = 915536922EDAE8C20024996F /* Project object */;
			proxyType = 1;
			remoteGlobalIDString = 915536992EDAE8C30024996F;
			remoteInfo = Quiper;
		};
/* End PBXContainerItemProxy section */

/* Begin PBXFileReference section */
		9155369A2EDAE8C30024996F /* Quiper.app */ = {isa = PBXFileReference; explicitFileType = wrapper.application; includeInIndex = 0; path = Quiper.app; sourceTree = BUILT_PRODUCTS_DIR; };
		915536A92EDAE8C50024996F /* QuiperTests.xctest */ = {isa = PBXFileReference; explicitFileType = wrapper.cfbundle; includeInIndex = 0; path = QuiperTests.xctest; sourceTree = BUILT_PRODUCTS_DIR; };
		915536B32EDAE8C50024996F /* QuiperUITests.xctest */ = {isa = PBXFileReference; explicitFileType = wrapper.cfbundle; includeInIndex = 0; path = QuiperUITests.xctest; sourceTree = BUILT_PRODUCTS_DIR; };
/* End PBXFileReference section */

/* Begin PBXFileSystemSynchronizedRootGroup section */
		9155369C2EDAE8C30024996F /* Quiper */ = {
			isa = PBXFileSystemSynchronizedRootGroup;
			path = Quiper;
			sourceTree = "<group>";
		};
		915536AC2EDAE8C50024996F /* QuiperTests */ = {
			isa = PBXFileSystemSynchronizedRootGroup;
			path = QuiperTests;
			sourceTree = "<group>";
		};
		915536B62EDAE8C50024996F /* QuiperUITests */ = {
			isa = PBXFileSystemSynchronizedRootGroup;
			path = QuiperUITests;
			sourceTree = "<group>";
		};
/* End PBXFileSystemSynchronizedRootGroup section */

/* Begin PBXFrameworksBuildPhase section */
		915536972EDAE8C30024996F /* Frameworks */ = {
			isa = PBXFrameworksBuildPhase;
			buildActionMask = 2147483647;
			files = (
				915537A02EDAEB700024996F /* MarkdownUI in Frameworks */,
			);
			runOnlyForDeploymentPostprocessing = 0;
		};
		915536A62EDAE8C50024996F /* Frameworks */ = {
			isa = PBXFrameworksBuildPhase;
			buildActionMask = 2147483647;
			files = (
			);
			runOnlyForDeploymentPostprocessing = 0;
		};
		915536B02EDAE8C50024996F /* Frameworks */ = {
			isa = PBXFrameworksBuildPhase;
			buildActionMask = 2147483647;
			files = (
			);
			runOnlyForDeploymentPostprocessing = 0;
		};
/* End PBXFrameworksBuildPhase section */

/* Begin PBXGroup section */
		915536912EDAE8C20024996F = {
			isa = PBXGroup;
			children = (
				9155369C2EDAE8C30024996F /* Quiper */,
				915536AC2EDAE8C50024996F /* QuiperTests */,
				915536B62EDAE8C50024996F /* QuiperUITests */,
				9155379E2EDAEB700024996F /* Frameworks */,
				9155369B2EDAE8C30024996F /* Products */,
			);
			sourceTree = "<group>";
		};
		9155369B2EDAE8C30024996F /* Products */ = {
			isa = PBXGroup;
			children = (
				9155369A2EDAE8C30024996F /* Quiper.app */,
				915536A92EDAE8C50024996F /* QuiperTests.xctest */,
				915536B32EDAE8C50024996F /* QuiperUITests.xctest */,
			);
			name = Products;
			sourceTree = "<group>";
		};
		9155379E2EDAEB700024996F /* Frameworks */ = {
			isa = PBXGroup;
			children = (
			);
			name = Frameworks;
			sourceTree = "<group>";
		};
/* End PBXGroup section */

/* Begin PBXNativeTarget section */
		915536992EDAE8C30024996F /* Quiper */ = {
			isa = PBXNativeTarget;
			buildConfigurationList = 915536BD2EDAE8C50024996F /* Build configuration list for PBXNativeTarget "Quiper" */;
			buildPhases = (
				915536962EDAE8C30024996F /* Sources */,
				915536972EDAE8C30024996F /* Frameworks */,
				915536982EDAE8C30024996F /* Resources */,
			);
			buildRules = (
			);
			dependencies = (
			);
			fileSystemSynchronizedGroups = (
				9155369C2EDAE8C30024996F /* Quiper */,
			);
			name = Quiper;
			packageProductDependencies = (
				9155379F2EDAEB700024996F /* MarkdownUI */,
			);
			productName = Quiper;
			productReference = 9155369A2EDAE8C30024996F /* Quiper.app */;
			productType = "com.apple.product-type.application";
		};
		915536A82EDAE8C50024996F /* QuiperTests */ = {
			isa = PBXNativeTarget;
			buildConfigurationList = 915536C02EDAE8C50024996F /* Build configuration list for PBXNativeTarget "QuiperTests" */;
			buildPhases = (
				915536A52EDAE8C50024996F /* Sources */,
				915536A62EDAE8C50024996F /* Frameworks */,
				915536A72EDAE8C50024996F /* Resources */,
			);
			buildRules = (
			);
			dependencies = (
				915536AB2EDAE8C50024996F /* PBXTargetDependency */,
			);
			fileSystemSynchronizedGroups = (
				915536AC2EDAE8C50024996F /* QuiperTests */,
			);
			name = QuiperTests;
			packageProductDependencies = (
			);
			productName = QuiperTests;
			productReference = 915536A92EDAE8C50024996F /* QuiperTests.xctest */;
			productType = "com.apple.product-type.bundle.unit-test";
		};
		915536B22EDAE8C50024996F /* QuiperUITests */ = {
			isa = PBXNativeTarget;
			buildConfigurationList = 915536C32EDAE8C50024996F /* Build configuration list for PBXNativeTarget "QuiperUITests" */;
			buildPhases = (
				915536AF2EDAE8C50024996F /* Sources */,
				915536B02EDAE8C50024996F /* Frameworks */,
				915536B12EDAE8C50024996F /* Resources */,
			);
			buildRules = (
			);
			dependencies = (
				915536B52EDAE8C50024996F /* PBXTargetDependency */,
			);
			fileSystemSynchronizedGroups = (
				915536B62EDAE8C50024996F /* QuiperUITests */,
			);
			name = QuiperUITests;
			packageProductDependencies = (
			);
			productName = QuiperUITests;
			productReference = 915536B32EDAE8C50024996F /* QuiperUITests.xctest */;
			productType = "com.apple.product-type.bundle.ui-testing";
		};
/* End PBXNativeTarget section */

/* Begin PBXProject section */
		915536922EDAE8C20024996F /* Project object */ = {
			isa = PBXProject;
			attributes = {
				BuildIndependentTargetsInParallel = 1;
				LastSwiftUpdateCheck = 2610;
				LastUpgradeCheck = 2620;
				TargetAttributes = {
					915536992EDAE8C30024996F = {
						CreatedOnToolsVersion = 26.1.1;
					};
					915536A82EDAE8C50024996F = {
						CreatedOnToolsVersion = 26.1.1;
						TestTargetID = 915536992EDAE8C30024996F;
					};
					915536B22EDAE8C50024996F = {
						CreatedOnToolsVersion = 26.1.1;
						TestTargetID = 915536992EDAE8C30024996F;
					};
				};
			};
			buildConfigurationList = 915536952EDAE8C20024996F /* Build configuration list for PBXProject "Quiper" */;
			developmentRegion = en;
			hasScannedForEncodings = 0;
			knownRegions = (
				en,
				Base,
			);
			mainGroup = 915536912EDAE8C20024996F;
			minimizedProjectReferenceProxies = 1;
			packageReferences = (
				9155379D2EDAEAE20024996F /* XCRemoteSwiftPackageReference "swift-markdown-ui" */,
			);
			preferredProjectObjectVersion = 77;
			productRefGroup = 9155369B2EDAE8C30024996F /* Products */;
			projectDirPath = "";
			projectRoot = "";
			targets = (
				915536992EDAE8C30024996F /* Quiper */,
				915536A82EDAE8C50024996F /* QuiperTests */,
				915536B22EDAE8C50024996F /* QuiperUITests */,
			);
		};
/* End PBXProject section */

/* Begin PBXResourcesBuildPhase section */
		915536982EDAE8C30024996F /* Resources */ = {
			isa = PBXResourcesBuildPhase;
			buildActionMask = 2147483647;
			files = (
			);
			runOnlyForDeploymentPostprocessing = 0;
		};
		915536A72EDAE8C50024996F /* Resources */ = {
			isa = PBXResourcesBuildPhase;
			buildActionMask = 2147483647;
			files = (
			);
			runOnlyForDeploymentPostprocessing = 0;
		};
		915536B12EDAE8C50024996F /* Resources */ = {
			isa = PBXResourcesBuildPhase;
			buildActionMask = 2147483647;
			files = (
			);
			runOnlyForDeploymentPostprocessing = 0;
		};
/* End PBXResourcesBuildPhase section */

/* Begin PBXSourcesBuildPhase section */
		915536962EDAE8C30024996F /* Sources */ = {
			isa = PBXSourcesBuildPhase;
			buildActionMask = 2147483647;
			files = (
			);
			runOnlyForDeploymentPostprocessing = 0;
		};
		915536A52EDAE8C50024996F /* Sources */ = {
			isa = PBXSourcesBuildPhase;
			buildActionMask = 2147483647;
			files = (
			);
			runOnlyForDeploymentPostprocessing = 0;
		};
		915536AF2EDAE8C50024996F /* Sources */ = {
			isa = PBXSourcesBuildPhase;
			buildActionMask = 2147483647;
			files = (
			);
			runOnlyForDeploymentPostprocessing = 0;
		};
/* End PBXSourcesBuildPhase section */

/* Begin PBXTargetDependency section */
		915536AB2EDAE8C50024996F /* PBXTargetDependency */ = {
			isa = PBXTargetDependency;
			target = 915536992EDAE8C30024996F /* Quiper */;
			targetProxy = 915536AA2EDAE8C50024996F /* PBXContainerItemProxy */;
		};
		915536B52EDAE8C50024996F /* PBXTargetDependency */ = {
			isa = PBXTargetDependency;
			target = 915536992EDAE8C30024996F /* Quiper */;
			targetProxy = 915536B42EDAE8C50024996F /* PBXContainerItemProxy */;
		};
/* End PBXTargetDependency section */

/* Begin XCBuildConfiguration section */
		915536BB2EDAE8C50024996F /* Debug */ = {
			isa = XCBuildConfiguration;
			buildSettings = {
				ALWAYS_SEARCH_USER_PATHS = NO;
				ASSETCATALOG_COMPILER_GENERATE_SWIFT_ASSET_SYMBOL_EXTENSIONS = YES;
				CLANG_ANALYZER_NONNULL = YES;
				CLANG_ANALYZER_NUMBER_OBJECT_CONVERSION = YES_AGGRESSIVE;
				CLANG_CXX_LANGUAGE_STANDARD = "gnu++20";
				CLANG_ENABLE_MODULES = YES;
				CLANG_ENABLE_OBJC_ARC = YES;
				CLANG_ENABLE_OBJC_WEAK = YES;
				CLANG_WARN_BLOCK_CAPTURE_AUTORELEASING = YES;
				CLANG_WARN_BOOL_CONVERSION = YES;
				CLANG_WARN_COMMA = YES;
				CLANG_WARN_CONSTANT_CONVERSION = YES;
				CLANG_WARN_DEPRECATED_OBJC_IMPLEMENTATIONS = YES;
				CLANG_WARN_DIRECT_OBJC_ISA_USAGE = YES_ERROR;
				CLANG_WARN_DOCUMENTATION_COMMENTS = YES;
				CLANG_WARN_EMPTY_BODY = YES;
				CLANG_WARN_ENUM_CONVERSION = YES;
				CLANG_WARN_INFINITE_RECURSION = YES;
				CLANG_WARN_INT_CONVERSION = YES;
				CLANG_WARN_NON_LITERAL_NULL_CONVERSION = YES;
				CLANG_WARN_OBJC_IMPLICIT_RETAIN_SELF = YES;
				CLANG_WARN_OBJC_LITERAL_CONVERSION = YES;
				CLANG_WARN_OBJC_ROOT_CLASS = YES_ERROR;
				CLANG_WARN_QUOTED_INCLUDE_IN_FRAMEWORK_HEADER = YES;
				CLANG_WARN_RANGE_LOOP_ANALYSIS = YES;
				CLANG_WARN_STRICT_PROTOTYPES = YES;
				CLANG_WARN_SUSPICIOUS_MOVE = YES;
				CLANG_WARN_UNGUARDED_AVAILABILITY = YES_AGGRESSIVE;
				CLANG_WARN_UNREACHABLE_CODE = YES;
				CLANG_WARN__DUPLICATE_METHOD_MATCH = YES;
				COPY_PHASE_STRIP = NO;
				DEAD_CODE_STRIPPING = YES;
				DEBUG_INFORMATION_FORMAT = dwarf;
				DEVELOPMENT_TEAM = "";
				ENABLE_STRICT_OBJC_MSGSEND = YES;
				ENABLE_TESTABILITY = YES;
				ENABLE_USER_SCRIPT_SANDBOXING = YES;
				GCC_C_LANGUAGE_STANDARD = gnu17;
				GCC_DYNAMIC_NO_PIC = NO;
				GCC_NO_COMMON_BLOCKS = YES;
				GCC_OPTIMIZATION_LEVEL = 0;
				GCC_PREPROCESSOR_DEFINITIONS = (
					"DEBUG=1",
					"$(inherited)",
				);
				GCC_WARN_64_TO_32_BIT_CONVERSION = YES;
				GCC_WARN_ABOUT_RETURN_TYPE = YES_ERROR;
				GCC_WARN_UNDECLARED_SELECTOR = YES;
				GCC_WARN_UNINITIALIZED_AUTOS = YES_AGGRESSIVE;
				GCC_WARN_UNUSED_FUNCTION = YES;
				GCC_WARN_UNUSED_VARIABLE = YES;
				LOCALIZATION_PREFERS_STRING_CATALOGS = YES;
				MACOSX_DEPLOYMENT_TARGET = 26.1;
				MTL_ENABLE_DEBUG_INFO = INCLUDE_SOURCE;
				MTL_FAST_MATH = YES;
				ONLY_ACTIVE_ARCH = YES;
				SDKROOT = macosx;
				STRING_CATALOG_GENERATE_SYMBOLS = YES;
				SWIFT_ACTIVE_COMPILATION_CONDITIONS = "DEBUG $(inherited)";
				SWIFT_OPTIMIZATION_LEVEL = "-Onone";
			};
			name = Debug;
		};
		915536BC2EDAE8C50024996F /* Release */ = {
			isa = XCBuildConfiguration;
			buildSettings = {
				ALWAYS_SEARCH_USER_PATHS = NO;
				ASSETCATALOG_COMPILER_GENERATE_SWIFT_ASSET_SYMBOL_EXTENSIONS = YES;
				CLANG_ANALYZER_NONNULL = YES;
				CLANG_ANALYZER_NUMBER_OBJECT_CONVERSION = YES_AGGRESSIVE;
				CLANG_CXX_LANGUAGE_STANDARD = "gnu++20";
				CLANG_ENABLE_MODULES = YES;
				CLANG_ENABLE_OBJC_ARC = YES;
				CLANG_ENABLE_OBJC_WEAK = YES;
				CLANG_WARN_BLOCK_CAPTURE_AUTORELEASING = YES;
				CLANG_WARN_BOOL_CONVERSION = YES;
				CLANG_WARN_COMMA = YES;
				CLANG_WARN_CONSTANT_CONVERSION = YES;
				CLANG_WARN_DEPRECATED_OBJC_IMPLEMENTATIONS = YES;
				CLANG_WARN_DIRECT_OBJC_ISA_USAGE = YES_ERROR;
				CLANG_WARN_DOCUMENTATION_COMMENTS = YES;
				CLANG_WARN_EMPTY_BODY = YES;
				CLANG_WARN_ENUM_CONVERSION = YES;
				CLANG_WARN_INFINITE_RECURSION = YES;
				CLANG_WARN_INT_CONVERSION = YES;
				CLANG_WARN_NON_LITERAL_NULL_CONVERSION = YES;
				CLANG_WARN_OBJC_IMPLICIT_RETAIN_SELF = YES;
				CLANG_WARN_OBJC_LITERAL_CONVERSION = YES;
				CLANG_WARN_OBJC_ROOT_CLASS = YES_ERROR;
				CLANG_WARN_QUOTED_INCLUDE_IN_FRAMEWORK_HEADER = YES;
				CLANG_WARN_RANGE_LOOP_ANALYSIS = YES;
				CLANG_WARN_STRICT_PROTOTYPES = YES;
				CLANG_WARN_SUSPICIOUS_MOVE = YES;
				CLANG_WARN_UNGUARDED_AVAILABILITY = YES_AGGRESSIVE;
				CLANG_WARN_UNREACHABLE_CODE = YES;
				CLANG_WARN__DUPLICATE_METHOD_MATCH = YES;
				COPY_PHASE_STRIP = NO;
				DEAD_CODE_STRIPPING = YES;
				DEBUG_INFORMATION_FORMAT = "dwarf-with-dsym";
				DEVELOPMENT_TEAM = "";
				ENABLE_NS_ASSERTIONS = NO;
				ENABLE_STRICT_OBJC_MSGSEND = YES;
				ENABLE_USER_SCRIPT_SANDBOXING = YES;
				GCC_C_LANGUAGE_STANDARD = gnu17;
				GCC_NO_COMMON_BLOCKS = YES;
				GCC_WARN_64_TO_32_BIT_CONVERSION = YES;
				GCC_WARN_ABOUT_RETURN_TYPE = YES_ERROR;
				GCC_WARN_UNDECLARED_SELECTOR = YES;
				GCC_WARN_UNINITIALIZED_AUTOS = YES_AGGRESSIVE;
				GCC_WARN_UNUSED_FUNCTION = YES;
				GCC_WARN_UNUSED_VARIABLE = YES;
				LOCALIZATION_PREFERS_STRING_CATALOGS = YES;
				MACOSX_DEPLOYMENT_TARGET = 26.1;
				MTL_ENABLE_DEBUG_INFO = NO;
				MTL_FAST_MATH = YES;
				SDKROOT = macosx;
				STRING_CATALOG_GENERATE_SYMBOLS = YES;
				SWIFT_COMPILATION_MODE = wholemodule;
			};
			name = Release;
		};
		915536BE2EDAE8C50024996F /* Debug */ = {
			isa = XCBuildConfiguration;
			buildSettings = {
				ASSETCATALOG_COMPILER_GLOBAL_ACCENT_COLOR_NAME = AccentColor;
				AUTOMATION_APPLE_EVENTS = YES;
				CODE_SIGN_ENTITLEMENTS = Quiper/Quiper.entitlements;
				"CODE_SIGN_IDENTITY[sdk=macosx*]" = "-";
				CODE_SIGN_STYLE = Manual;
				COMBINE_HIDPI_IMAGES = YES;
				CURRENT_PROJECT_VERSION = 1;
				DEAD_CODE_STRIPPING = YES;
				DEVELOPMENT_TEAM = "";
				ENABLE_APP_SANDBOX = YES;
				ENABLE_HARDENED_RUNTIME = YES;
				ENABLE_INCOMING_NETWORK_CONNECTIONS = YES;
				ENABLE_OUTGOING_NETWORK_CONNECTIONS = YES;
				ENABLE_PREVIEWS = YES;
				ENABLE_USER_SELECTED_FILES = readwrite;
				GENERATE_INFOPLIST_FILE = YES;
				INFOPLIST_FILE = Supporting/Info.plist;
				INFOPLIST_KEY_CFBundleIconFile = QuiperIcon;
				INFOPLIST_KEY_LSApplicationCategoryType = "public.app-category.productivity";
				INFOPLIST_KEY_LSUIElement = YES;
				INFOPLIST_KEY_NSHumanReadableCopyright = "";
				LD_RUNPATH_SEARCH_PATHS = (
					"$(inherited)",
					"@executable_path/../Frameworks",
				);
				MACOSX_DEPLOYMENT_TARGET = 14.6;
				MARKETING_VERSION = 2.2.3;
				PRODUCT_BUNDLE_IDENTIFIER = app.sassanh.quiper.Quiper;
				PRODUCT_NAME = "$(TARGET_NAME)";
				REGISTER_APP_GROUPS = YES;
				STRING_CATALOG_GENERATE_SYMBOLS = YES;
				SWIFT_APPROACHABLE_CONCURRENCY = YES;
				SWIFT_DEFAULT_ACTOR_ISOLATION = MainActor;
				SWIFT_EMIT_LOC_STRINGS = YES;
				SWIFT_UPCOMING_FEATURE_MEMBER_IMPORT_VISIBILITY = YES;
				SWIFT_VERSION = 5.0;
			};
			name = Debug;
		};
		915536BF2EDAE8C50024996F /* Release */ = {
			isa = XCBuildConfiguration;
			buildSettings = {
				ASSETCATALOG_COMPILER_GLOBAL_ACCENT_COLOR_NAME = AccentColor;
				AUTOMATION_APPLE_EVENTS = YES;
				CODE_SIGN_ENTITLEMENTS = Quiper/Quiper.entitlements;
				"CODE_SIGN_IDENTITY[sdk=macosx*]" = "-";
				CODE_SIGN_STYLE = Manual;
				COMBINE_HIDPI_IMAGES = YES;
				CURRENT_PROJECT_VERSION = 1;
				DEAD_CODE_STRIPPING = YES;
				DEVELOPMENT_TEAM = "";
				ENABLE_APP_SANDBOX = YES;
				ENABLE_HARDENED_RUNTIME = YES;
				ENABLE_INCOMING_NETWORK_CONNECTIONS = YES;
				ENABLE_OUTGOING_NETWORK_CONNECTIONS = YES;
				ENABLE_PREVIEWS = YES;
				ENABLE_USER_SELECTED_FILES = readwrite;
				GENERATE_INFOPLIST_FILE = YES;
				INFOPLIST_FILE = Supporting/Info.plist;
				INFOPLIST_KEY_CFBundleIconFile = QuiperIcon;
				INFOPLIST_KEY_LSApplicationCategoryType = "public.app-category.productivity";
				INFOPLIST_KEY_LSUIElement = YES;
				INFOPLIST_KEY_NSHumanReadableCopyright = "";
				LD_RUNPATH_SEARCH_PATHS = (
					"$(inherited)",
					"@executable_path/../Frameworks",
				);
				MACOSX_DEPLOYMENT_TARGET = 14.6;
				MARKETING_VERSION = 2.2.3;
				PRODUCT_BUNDLE_IDENTIFIER = app.sassanh.quiper.Quiper;
				PRODUCT_NAME = "$(TARGET_NAME)";
				REGISTER_APP_GROUPS = YES;
				STRING_CATALOG_GENERATE_SYMBOLS = YES;
				SWIFT_APPROACHABLE_CONCURRENCY = YES;
				SWIFT_DEFAULT_ACTOR_ISOLATION = MainActor;
				SWIFT_EMIT_LOC_STRINGS = YES;
				SWIFT_UPCOMING_FEATURE_MEMBER_IMPORT_VISIBILITY = YES;
				SWIFT_VERSION = 5.0;
			};
			name = Release;
		};
		915536C12EDAE8C50024996F /* Debug */ = {
			isa = XCBuildConfiguration;
			buildSettings = {
				BUNDLE_LOADER = "$(TEST_HOST)";
				CODE_SIGN_ENTITLEMENTS = Quiper/Quiper.entitlements;
				"CODE_SIGN_IDENTITY[sdk=macosx*]" = "-";
				CODE_SIGN_STYLE = Manual;
				CURRENT_PROJECT_VERSION = 1;
				DEAD_CODE_STRIPPING = YES;
				DEVELOPMENT_TEAM = "";
				GENERATE_INFOPLIST_FILE = YES;
				MACOSX_DEPLOYMENT_TARGET = 26.0.1;
				MARKETING_VERSION = 2.2.3;
				PRODUCT_BUNDLE_IDENTIFIER = app.sassanh.quiper.QuiperTests;
				PRODUCT_NAME = "$(TARGET_NAME)";
				STRING_CATALOG_GENERATE_SYMBOLS = NO;
				SWIFT_APPROACHABLE_CONCURRENCY = YES;
				SWIFT_EMIT_LOC_STRINGS = NO;
				SWIFT_UPCOMING_FEATURE_MEMBER_IMPORT_VISIBILITY = YES;
				SWIFT_VERSION = 5.0;
				TEST_HOST = "$(BUILT_PRODUCTS_DIR)/Quiper.app/$(BUNDLE_EXECUTABLE_FOLDER_PATH)/Quiper";
			};
			name = Debug;
		};
		915536C22EDAE8C50024996F /* Release */ = {
			isa = XCBuildConfiguration;
			buildSettings = {
				BUNDLE_LOADER = "$(TEST_HOST)";
				CODE_SIGN_ENTITLEMENTS = Quiper/Quiper.entitlements;
				"CODE_SIGN_IDENTITY[sdk=macosx*]" = "-";
				CODE_SIGN_STYLE = Manual;
				CURRENT_PROJECT_VERSION = 1;
				DEAD_CODE_STRIPPING = YES;
				DEVELOPMENT_TEAM = "";
				GENERATE_INFOPLIST_FILE = YES;
				MACOSX_DEPLOYMENT_TARGET = 26.0.1;
				MARKETING_VERSION = 2.2.3;
				PRODUCT_BUNDLE_IDENTIFIER = app.sassanh.quiper.QuiperTests;
				PRODUCT_NAME = "$(TARGET_NAME)";
				STRING_CATALOG_GENERATE_SYMBOLS = NO;
				SWIFT_APPROACHABLE_CONCURRENCY = YES;
				SWIFT_EMIT_LOC_STRINGS = NO;
				SWIFT_UPCOMING_FEATURE_MEMBER_IMPORT_VISIBILITY = YES;
				SWIFT_VERSION = 5.0;
				TEST_HOST = "$(BUILT_PRODUCTS_DIR)/Quiper.app/$(BUNDLE_EXECUTABLE_FOLDER_PATH)/Quiper";
			};
			name = Release;
		};
		915536C42EDAE8C50024996F /* Debug */ = {
			isa = XCBuildConfiguration;
			buildSettings = {
				CODE_SIGN_ENTITLEMENTS = Quiper/Quiper.entitlements;
				"CODE_SIGN_IDENTITY[sdk=macosx*]" = "-";
				CODE_SIGN_STYLE = Manual;
				CURRENT_PROJECT_VERSION = 1;
				DEAD_CODE_STRIPPING = YES;
				DEVELOPMENT_TEAM = "";
				GENERATE_INFOPLIST_FILE = YES;
				MACOSX_DEPLOYMENT_TARGET = 26.0.1;
				MARKETING_VERSION = 2.2.3;
				PRODUCT_BUNDLE_IDENTIFIER = app.sassanh.quiper.QuiperUITests;
				PRODUCT_NAME = "$(TARGET_NAME)";
				STRING_CATALOG_GENERATE_SYMBOLS = NO;
				SWIFT_APPROACHABLE_CONCURRENCY = YES;
				SWIFT_EMIT_LOC_STRINGS = NO;
				SWIFT_UPCOMING_FEATURE_MEMBER_IMPORT_VISIBILITY = YES;
				SWIFT_VERSION = 5.0;
				TEST_TARGET_NAME = Quiper;
			};
			name = Debug;
		};
		915536C52EDAE8C50024996F /* Release */ = {
			isa = XCBuildConfiguration;
			buildSettings = {
				CODE_SIGN_ENTITLEMENTS = Quiper/Quiper.entitlements;
				"CODE_SIGN_IDENTITY[sdk=macosx*]" = "-";
				CODE_SIGN_STYLE = Manual;
				CURRENT_PROJECT_VERSION = 1;
				DEAD_CODE_STRIPPING = YES;
				DEVELOPMENT_TEAM = "";
				GENERATE_INFOPLIST_FILE = YES;
				MACOSX_DEPLOYMENT_TARGET = 26.0.1;
				MARKETING_VERSION = 2.2.3;
				PRODUCT_BUNDLE_IDENTIFIER = app.sassanh.quiper.QuiperUITests;
				PRODUCT_NAME = "$(TARGET_NAME)";
				STRING_CATALOG_GENERATE_SYMBOLS = NO;
				SWIFT_APPROACHABLE_CONCURRENCY = YES;
				SWIFT_EMIT_LOC_STRINGS = NO;
				SWIFT_UPCOMING_FEATURE_MEMBER_IMPORT_VISIBILITY = YES;
				SWIFT_VERSION = 5.0;
				TEST_TARGET_NAME = Quiper;
			};
			name = Release;
		};
/* End XCBuildConfiguration section */

/* Begin XCConfigurationList section */
		915536952EDAE8C20024996F /* Build configuration list for PBXProject "Quiper" */ = {
			isa = XCConfigurationList;
			buildConfigurations = (
				915536BB2EDAE8C50024996F /* Debug */,
				915536BC2EDAE8C50024996F /* Release */,
			);
			defaultConfigurationIsVisible = 0;
			defaultConfigurationName = Release;
		};
		915536BD2EDAE8C50024996F /* Build configuration list for PBXNativeTarget "Quiper" */ = {
			isa = XCConfigurationList;
			buildConfigurations = (
				915536BE2EDAE8C50024996F /* Debug */,
				915536BF2EDAE8C50024996F /* Release */,
			);
			defaultConfigurationIsVisible = 0;
			defaultConfigurationName = Release;
		};
		915536C02EDAE8C50024996F /* Build configuration list for PBXNativeTarget "QuiperTests" */ = {
			isa = XCConfigurationList;
			buildConfigurations = (
				915536C12EDAE8C50024996F /* Debug */,
				915536C22EDAE8C50024996F /* Release */,
			);
			defaultConfigurationIsVisible = 0;
			defaultConfigurationName = Release;
		};
		915536C32EDAE8C50024996F /* Build configuration list for PBXNativeTarget "QuiperUITests" */ = {
			isa = XCConfigurationList;
			buildConfigurations = (
				915536C42EDAE8C50024996F /* Debug */,
				915536C52EDAE8C50024996F /* Release */,
			);
			defaultConfigurationIsVisible = 0;
			defaultConfigurationName = Release;
		};
/* End XCConfigurationList section */

/* Begin XCRemoteSwiftPackageReference section */
		9155379D2EDAEAE20024996F /* XCRemoteSwiftPackageReference "swift-markdown-ui" */ = {
			isa = XCRemoteSwiftPackageReference;
			repositoryURL = "https://github.com/gonzalezreal/swift-markdown-ui";
			requirement = {
				kind = upToNextMajorVersion;
				minimumVersion = 2.4.1;
			};
		};
/* End XCRemoteSwiftPackageReference section */

/* Begin XCSwiftPackageProductDependency section */
		9155379F2EDAEB700024996F /* MarkdownUI */ = {
			isa = XCSwiftPackageProductDependency;
			package = 9155379D2EDAEAE20024996F /* XCRemoteSwiftPackageReference "swift-markdown-ui" */;
			productName = MarkdownUI;
		};
/* End XCSwiftPackageProductDependency section */
	};
	rootObject = 915536922EDAE8C20024996F /* Project object */;
}
